
Microsoft Visual Studio Solution File, Format Version 12.00
# Visual Studio Version 16
VisualStudioVersion = 16.0.29905.134
MinimumVisualStudioVersion = 10.0.40219.1
Project("{9A19103F-16F7-4668-BE54-9A1E7A4F7556}") = "Supermarket.API", "Supermarket.API.csproj", "{65B52945-4658-426E-9AA8-E31E3E9E9200}"
EndProject
Global
	GlobalSection(SolutionConfigurationPlatforms) = preSolution
		Debug|Any CPU = Debug|Any CPU
		Release|Any CPU = Release|Any CPU
	EndGlobalSection
	GlobalSection(ProjectConfigurationPlatforms) = postSolution
		{65B52945-4658-426E-9AA8-E31E3E9E9200}.Debug|Any CPU.ActiveCfg = Debug|Any CPU
		{65B52945-4658-426E-9AA8-E31E3E9E9200}.Debug|Any CPU.Build.0 = Debug|Any CPU
		{65B52945-4658-426E-9AA8-E31E3E9E9200}.Release|Any CPU.ActiveCfg = Release|Any CPU
		{65B52945-4658-426E-9AA8-E31E3E9E9200}.Release|Any CPU.Build.0 = Release|Any CPU
	EndGlobalSection
	GlobalSection(SolutionProperties) = preSolution
		HideSolutionNode = FALSE
	EndGlobalSection
	GlobalSection(ExtensibilityGlobals) = postSolution
		SolutionGuid = {4A691017-BB52-467F-91DF-04A007191A9C}
	EndGlobalSection
EndGlobal
